
Microsoft Visual Studio Solution File, Format Version 12.00
# Visual Studio Version 16
VisualStudioVersion = 16.0.30225.117
MinimumVisualStudioVersion = 10.0.40219.1
Project("{FAE04EC0-301F-11D3-BF4B-00C04F79EFBC}") = "Nedeljni_II_Milos_Peric", "Nedeljni_II_Milos_Peric\Nedeljni_II_Milos_Peric.csproj", "{D5E201AB-4043-4C19-9625-0FDF854E1C31}"
EndProject
Global
	GlobalSection(SolutionConfigurationPlatforms) = preSolution
		Debug|Any CPU = Debug|Any CPU
		Release|Any CPU = Release|Any CPU
	EndGlobalSection
	GlobalSection(ProjectConfigurationPlatforms) = postSolution
		{D5E201AB-4043-4C19-9625-0FDF854E1C31}.Debug|Any CPU.ActiveCfg = Debug|Any CPU
		{D5E201AB-4043-4C19-9625-0FDF854E1C31}.Debug|Any CPU.Build.0 = Debug|Any CPU
		{D5E201AB-4043-4C19-9625-0FDF854E1C31}.Release|Any CPU.ActiveCfg = Release|Any CPU
		{D5E201AB-4043-4C19-9625-0FDF854E1C31}.Release|Any CPU.Build.0 = Release|Any CPU
	EndGlobalSection
	GlobalSection(SolutionProperties) = preSolution
		HideSolutionNode = FALSE
	EndGlobalSection
	GlobalSection(ExtensibilityGlobals) = postSolution
		SolutionGuid = {08557612-38B6-46AA-8247-5C69EA031F11}
	EndGlobalSection
EndGlobal
